// !$*UTF8*$!
{
	archiveVersion = 1;
	classes = {
	};
	objectVersion = 56;
	objects = {

/* Begin PBXBuildFile section */
		8A24CC1C2C0DD8B3003CF826 /* ChessyApp.swift in Sources */ = {isa = PBXBuildFile; fileRef = 8A24CC1B2C0DD8B3003CF826 /* ChessyApp.swift */; };
		8A24CC1E2C0DD8B3003CF826 /* MainView.swift in Sources */ = {isa = PBXBuildFile; fileRef = 8A24CC1D2C0DD8B3003CF826 /* MainView.swift */; };
		8A24CC202C0DD8B9003CF826 /* Assets.xcassets in Resources */ = {isa = PBXBuildFile; fileRef = 8A24CC1F2C0DD8B9003CF826 /* Assets.xcassets */; };
		8A24CC232C0DD8B9003CF826 /* Preview Assets.xcassets in Resources */ = {isa = PBXBuildFile; fileRef = 8A24CC222C0DD8B9003CF826 /* Preview Assets.xcassets */; };
		8A24CC2C2C0DDA7E003CF826 /* FirebaseAuth in Frameworks */ = {isa = PBXBuildFile; productRef = 8A24CC2B2C0DDA7E003CF826 /* FirebaseAuth */; };
		8A24CC2E2C0DDA7E003CF826 /* FirebaseFirestore in Frameworks */ = {isa = PBXBuildFile; productRef = 8A24CC2D2C0DDA7E003CF826 /* FirebaseFirestore */; };
		8A24CC302C0DDA7E003CF826 /* FirebaseFirestoreSwift in Frameworks */ = {isa = PBXBuildFile; productRef = 8A24CC2F2C0DDA7E003CF826 /* FirebaseFirestoreSwift */; };
		8A2C2A882C15BD5D0058CA57 /* ChessyHomeView.swift in Sources */ = {isa = PBXBuildFile; fileRef = 8A2C2A872C15BD5D0058CA57 /* ChessyHomeView.swift */; };
		8A2C2A8A2C15BE0D0058CA57 /* ChessyFriendListView.swift in Sources */ = {isa = PBXBuildFile; fileRef = 8A2C2A892C15BE0D0058CA57 /* ChessyFriendListView.swift */; };
		8A2C2A8C2C15BE3E0058CA57 /* ChessyChartsView.swift in Sources */ = {isa = PBXBuildFile; fileRef = 8A2C2A8B2C15BE3E0058CA57 /* ChessyChartsView.swift */; };
		8A2C2A8E2C15BE8F0058CA57 /* ChessyView.swift in Sources */ = {isa = PBXBuildFile; fileRef = 8A2C2A8D2C15BE8F0058CA57 /* ChessyView.swift */; };
		8A2C2A902C15BFCF0058CA57 /* ChessyProfileView.swift in Sources */ = {isa = PBXBuildFile; fileRef = 8A2C2A8F2C15BFCF0058CA57 /* ChessyProfileView.swift */; };
		8A2C2A942C15C7CD0058CA57 /* UserModel.swift in Sources */ = {isa = PBXBuildFile; fileRef = 8A2C2A932C15C7CC0058CA57 /* UserModel.swift */; };
		8A2C2A962C15C88D0058CA57 /* MainViewViewModel.swift in Sources */ = {isa = PBXBuildFile; fileRef = 8A2C2A952C15C88D0058CA57 /* MainViewViewModel.swift */; };
		8A39595E2C2680D900F7C3B3 /* SplashView.swift in Sources */ = {isa = PBXBuildFile; fileRef = 8A39595D2C2680D900F7C3B3 /* SplashView.swift */; };
		8A460E722C1D41B600CE6E26 /* ProfileViewModel.swift in Sources */ = {isa = PBXBuildFile; fileRef = 8A460E712C1D41B600CE6E26 /* ProfileViewModel.swift */; };
		8A580E332C26BC9900C750B1 /* splash_anim.json in Resources */ = {isa = PBXBuildFile; fileRef = 8A580E322C26BC9900C750B1 /* splash_anim.json */; };
		8A580E352C26BF2100C750B1 /* loading.json in Resources */ = {isa = PBXBuildFile; fileRef = 8A580E342C26BF2100C750B1 /* loading.json */; };
		8A580E372C26BFFF00C750B1 /* LoadingView.swift in Sources */ = {isa = PBXBuildFile; fileRef = 8A580E362C26BFFF00C750B1 /* LoadingView.swift */; };
		8A5887092CB0C4E3008FCBDC /* GameplayView.swift in Sources */ = {isa = PBXBuildFile; fileRef = 8A5887082CB0C4E3008FCBDC /* GameplayView.swift */; };
		8A58870B2CB0D69C008FCBDC /* ChessModel.swift in Sources */ = {isa = PBXBuildFile; fileRef = 8A58870A2CB0D69C008FCBDC /* ChessModel.swift */; };
		8A58870D2CB0D70C008FCBDC /* ChessGameViewModel.swift in Sources */ = {isa = PBXBuildFile; fileRef = 8A58870C2CB0D70C008FCBDC /* ChessGameViewModel.swift */; };
		8A58870F2CB0D73F008FCBDC /* ChessBoardView.swift in Sources */ = {isa = PBXBuildFile; fileRef = 8A58870E2CB0D73F008FCBDC /* ChessBoardView.swift */; };
		8A5887122CB0DFAB008FCBDC /* Pawn.swift in Sources */ = {isa = PBXBuildFile; fileRef = 8A5887112CB0DFAB008FCBDC /* Pawn.swift */; };
		8A5887142CB0DFB7008FCBDC /* Rook.swift in Sources */ = {isa = PBXBuildFile; fileRef = 8A5887132CB0DFB7008FCBDC /* Rook.swift */; };
		8A5887162CB0DFC6008FCBDC /* Knight.swift in Sources */ = {isa = PBXBuildFile; fileRef = 8A5887152CB0DFC6008FCBDC /* Knight.swift */; };
		8A5887182CB0DFD3008FCBDC /* Bishop.swift in Sources */ = {isa = PBXBuildFile; fileRef = 8A5887172CB0DFD3008FCBDC /* Bishop.swift */; };
		8A58871A2CB0DFDE008FCBDC /* Queen.swift in Sources */ = {isa = PBXBuildFile; fileRef = 8A5887192CB0DFDE008FCBDC /* Queen.swift */; };
		8A58871C2CB0DFEA008FCBDC /* King.swift in Sources */ = {isa = PBXBuildFile; fileRef = 8A58871B2CB0DFEA008FCBDC /* King.swift */; };
		8AA4034B2C1DB8B200E0AEE3 /* sad.json in Resources */ = {isa = PBXBuildFile; fileRef = 8AA4034A2C1DB8B200E0AEE3 /* sad.json */; };
		8AA403502C1E06A200E0AEE3 /* ChartViewModel.swift in Sources */ = {isa = PBXBuildFile; fileRef = 8AA4034F2C1E06A200E0AEE3 /* ChartViewModel.swift */; };
		8AA7A4EC2CB8DAE900BF37A5 /* SocketIO in Frameworks */ = {isa = PBXBuildFile; productRef = 8AA7A4EB2CB8DAE900BF37A5 /* SocketIO */; };
		8AA7A4EE2CBA017C00BF37A5 /* MatchModel.swift in Sources */ = {isa = PBXBuildFile; fileRef = 8AA7A4ED2CBA017B00BF37A5 /* MatchModel.swift */; };
		8AAA8D2D2C1D5F7400BCF372 /* Lottie in Frameworks */ = {isa = PBXBuildFile; productRef = 8AAA8D2C2C1D5F7400BCF372 /* Lottie */; };
		8AAA8D2F2C1D5FFC00BCF372 /* LottieView.swift in Sources */ = {isa = PBXBuildFile; fileRef = 8AAA8D2E2C1D5FFC00BCF372 /* LottieView.swift */; };
		8AAA8D312C1D604500BCF372 /* fire.json in Resources */ = {isa = PBXBuildFile; fileRef = 8AAA8D302C1D604500BCF372 /* fire.json */; };
		8AB265932C0F0C1800A085FB /* LoginView.swift in Sources */ = {isa = PBXBuildFile; fileRef = 8AB265922C0F0C1800A085FB /* LoginView.swift */; };
		8AB265952C0F0C7100A085FB /* RegisterView.swift in Sources */ = {isa = PBXBuildFile; fileRef = 8AB265942C0F0C7100A085FB /* RegisterView.swift */; };
		8AB265972C0F0C9B00A085FB /* HeaderLoginView.swift in Sources */ = {isa = PBXBuildFile; fileRef = 8AB265962C0F0C9B00A085FB /* HeaderLoginView.swift */; };
		8AB2659B2C0F1AE800A085FB /* LoginViewViewModel.swift in Sources */ = {isa = PBXBuildFile; fileRef = 8AB2659A2C0F1AE800A085FB /* LoginViewViewModel.swift */; };
		8AB326F52CDED524005F2CD3 /* GameStartDialogView.swift in Sources */ = {isa = PBXBuildFile; fileRef = 8AB326F42CDED524005F2CD3 /* GameStartDialogView.swift */; };
		8AB326F72CDEEFA7005F2CD3 /* PromoteViewDialog.swift in Sources */ = {isa = PBXBuildFile; fileRef = 8AB326F62CDEEFA7005F2CD3 /* PromoteViewDialog.swift */; };
		8AB326F92CDF02DB005F2CD3 /* InputRoomCodeViewDialog.swift in Sources */ = {isa = PBXBuildFile; fileRef = 8AB326F82CDF02DB005F2CD3 /* InputRoomCodeViewDialog.swift */; };
		8ABF76252C1B775A007639E5 /* FirebaseDatabase in Frameworks */ = {isa = PBXBuildFile; productRef = 8ABF76242C1B775A007639E5 /* FirebaseDatabase */; };
		8ABF76272C1B87D2007639E5 /* GoogleService-Info.plist in Resources */ = {isa = PBXBuildFile; fileRef = 8ABF76262C1B87D2007639E5 /* GoogleService-Info.plist */; };
		8AD65AE82C1099F40046BEF0 /* RegisterViewViewModel.swift in Sources */ = {isa = PBXBuildFile; fileRef = 8AD65AE72C1099F40046BEF0 /* RegisterViewViewModel.swift */; };
		8AF4767E2C1649C200E5ABCB /* Extensions.swift in Sources */ = {isa = PBXBuildFile; fileRef = 8AF4767D2C1649C100E5ABCB /* Extensions.swift */; };
/* End PBXBuildFile section */

/* Begin PBXFileReference section */
		8A24CC182C0DD8B3003CF826 /* Chessy.app */ = {isa = PBXFileReference; explicitFileType = wrapper.application; includeInIndex = 0; path = Chessy.app; sourceTree = BUILT_PRODUCTS_DIR; };
		8A24CC1B2C0DD8B3003CF826 /* ChessyApp.swift */ = {isa = PBXFileReference; lastKnownFileType = sourcecode.swift; path = ChessyApp.swift; sourceTree = "<group>"; };
		8A24CC1D2C0DD8B3003CF826 /* MainView.swift */ = {isa = PBXFileReference; lastKnownFileType = sourcecode.swift; path = MainView.swift; sourceTree = "<group>"; };
		8A24CC1F2C0DD8B9003CF826 /* Assets.xcassets */ = {isa = PBXFileReference; lastKnownFileType = folder.assetcatalog; path = Assets.xcassets; sourceTree = "<group>"; };
		8A24CC222C0DD8B9003CF826 /* Preview Assets.xcassets */ = {isa = PBXFileReference; lastKnownFileType = folder.assetcatalog; path = "Preview Assets.xcassets"; sourceTree = "<group>"; };
		8A24CC292C0DD9A3003CF826 /* Info.plist */ = {isa = PBXFileReference; lastKnownFileType = text.plist.xml; path = Info.plist; sourceTree = "<group>"; };
		8A2C2A872C15BD5D0058CA57 /* ChessyHomeView.swift */ = {isa = PBXFileReference; lastKnownFileType = sourcecode.swift; path = ChessyHomeView.swift; sourceTree = "<group>"; };
		8A2C2A892C15BE0D0058CA57 /* ChessyFriendListView.swift */ = {isa = PBXFileReference; lastKnownFileType = sourcecode.swift; path = ChessyFriendListView.swift; sourceTree = "<group>"; };
		8A2C2A8B2C15BE3E0058CA57 /* ChessyChartsView.swift */ = {isa = PBXFileReference; lastKnownFileType = sourcecode.swift; path = ChessyChartsView.swift; sourceTree = "<group>"; };
		8A2C2A8D2C15BE8F0058CA57 /* ChessyView.swift */ = {isa = PBXFileReference; lastKnownFileType = sourcecode.swift; path = ChessyView.swift; sourceTree = "<group>"; };
		8A2C2A8F2C15BFCF0058CA57 /* ChessyProfileView.swift */ = {isa = PBXFileReference; lastKnownFileType = sourcecode.swift; path = ChessyProfileView.swift; sourceTree = "<group>"; };
		8A2C2A932C15C7CC0058CA57 /* UserModel.swift */ = {isa = PBXFileReference; lastKnownFileType = sourcecode.swift; path = UserModel.swift; sourceTree = "<group>"; };
		8A2C2A952C15C88D0058CA57 /* MainViewViewModel.swift */ = {isa = PBXFileReference; lastKnownFileType = sourcecode.swift; path = MainViewViewModel.swift; sourceTree = "<group>"; };
		8A39595D2C2680D900F7C3B3 /* SplashView.swift */ = {isa = PBXFileReference; lastKnownFileType = sourcecode.swift; path = SplashView.swift; sourceTree = "<group>"; };
		8A460E712C1D41B600CE6E26 /* ProfileViewModel.swift */ = {isa = PBXFileReference; lastKnownFileType = sourcecode.swift; path = ProfileViewModel.swift; sourceTree = "<group>"; };
		8A580E322C26BC9900C750B1 /* splash_anim.json */ = {isa = PBXFileReference; fileEncoding = 4; lastKnownFileType = text.json; path = splash_anim.json; sourceTree = "<group>"; };
		8A580E342C26BF2100C750B1 /* loading.json */ = {isa = PBXFileReference; fileEncoding = 4; lastKnownFileType = text.json; path = loading.json; sourceTree = "<group>"; };
		8A580E362C26BFFF00C750B1 /* LoadingView.swift */ = {isa = PBXFileReference; lastKnownFileType = sourcecode.swift; path = LoadingView.swift; sourceTree = "<group>"; };
		8A5887082CB0C4E3008FCBDC /* GameplayView.swift */ = {isa = PBXFileReference; lastKnownFileType = sourcecode.swift; path = GameplayView.swift; sourceTree = "<group>"; };
		8A58870A2CB0D69C008FCBDC /* ChessModel.swift */ = {isa = PBXFileReference; lastKnownFileType = sourcecode.swift; path = ChessModel.swift; sourceTree = "<group>"; };
		8A58870C2CB0D70C008FCBDC /* ChessGameViewModel.swift */ = {isa = PBXFileReference; lastKnownFileType = sourcecode.swift; path = ChessGameViewModel.swift; sourceTree = "<group>"; };
		8A58870E2CB0D73F008FCBDC /* ChessBoardView.swift */ = {isa = PBXFileReference; lastKnownFileType = sourcecode.swift; path = ChessBoardView.swift; sourceTree = "<group>"; };
		8A5887112CB0DFAB008FCBDC /* Pawn.swift */ = {isa = PBXFileReference; lastKnownFileType = sourcecode.swift; path = Pawn.swift; sourceTree = "<group>"; };
		8A5887132CB0DFB7008FCBDC /* Rook.swift */ = {isa = PBXFileReference; lastKnownFileType = sourcecode.swift; path = Rook.swift; sourceTree = "<group>"; };
		8A5887152CB0DFC6008FCBDC /* Knight.swift */ = {isa = PBXFileReference; lastKnownFileType = sourcecode.swift; path = Knight.swift; sourceTree = "<group>"; };
		8A5887172CB0DFD3008FCBDC /* Bishop.swift */ = {isa = PBXFileReference; lastKnownFileType = sourcecode.swift; path = Bishop.swift; sourceTree = "<group>"; };
		8A5887192CB0DFDE008FCBDC /* Queen.swift */ = {isa = PBXFileReference; lastKnownFileType = sourcecode.swift; path = Queen.swift; sourceTree = "<group>"; };
		8A58871B2CB0DFEA008FCBDC /* King.swift */ = {isa = PBXFileReference; lastKnownFileType = sourcecode.swift; path = King.swift; sourceTree = "<group>"; };
		8AA4034A2C1DB8B200E0AEE3 /* sad.json */ = {isa = PBXFileReference; fileEncoding = 4; lastKnownFileType = text.json; path = sad.json; sourceTree = "<group>"; };
		8AA4034F2C1E06A200E0AEE3 /* ChartViewModel.swift */ = {isa = PBXFileReference; lastKnownFileType = sourcecode.swift; path = ChartViewModel.swift; sourceTree = "<group>"; };
		8AA7A4ED2CBA017B00BF37A5 /* MatchModel.swift */ = {isa = PBXFileReference; lastKnownFileType = sourcecode.swift; path = MatchModel.swift; sourceTree = "<group>"; };
		8AAA8D2E2C1D5FFC00BCF372 /* LottieView.swift */ = {isa = PBXFileReference; lastKnownFileType = sourcecode.swift; path = LottieView.swift; sourceTree = "<group>"; };
		8AAA8D302C1D604500BCF372 /* fire.json */ = {isa = PBXFileReference; fileEncoding = 4; lastKnownFileType = text.json; path = fire.json; sourceTree = "<group>"; };
		8AB265922C0F0C1800A085FB /* LoginView.swift */ = {isa = PBXFileReference; lastKnownFileType = sourcecode.swift; path = LoginView.swift; sourceTree = "<group>"; };
		8AB265942C0F0C7100A085FB /* RegisterView.swift */ = {isa = PBXFileReference; lastKnownFileType = sourcecode.swift; path = RegisterView.swift; sourceTree = "<group>"; };
		8AB265962C0F0C9B00A085FB /* HeaderLoginView.swift */ = {isa = PBXFileReference; lastKnownFileType = sourcecode.swift; path = HeaderLoginView.swift; sourceTree = "<group>"; };
		8AB2659A2C0F1AE800A085FB /* LoginViewViewModel.swift */ = {isa = PBXFileReference; lastKnownFileType = sourcecode.swift; path = LoginViewViewModel.swift; sourceTree = "<group>"; };
		8AB326F42CDED524005F2CD3 /* GameStartDialogView.swift */ = {isa = PBXFileReference; lastKnownFileType = sourcecode.swift; path = GameStartDialogView.swift; sourceTree = "<group>"; };
		8AB326F62CDEEFA7005F2CD3 /* PromoteViewDialog.swift */ = {isa = PBXFileReference; lastKnownFileType = sourcecode.swift; path = PromoteViewDialog.swift; sourceTree = "<group>"; };
		8AB326F82CDF02DB005F2CD3 /* InputRoomCodeViewDialog.swift */ = {isa = PBXFileReference; lastKnownFileType = sourcecode.swift; path = InputRoomCodeViewDialog.swift; sourceTree = "<group>"; };
		8ABF76262C1B87D2007639E5 /* GoogleService-Info.plist */ = {isa = PBXFileReference; fileEncoding = 4; lastKnownFileType = text.plist.xml; path = "GoogleService-Info.plist"; sourceTree = "<group>"; };
		8AD65AE72C1099F40046BEF0 /* RegisterViewViewModel.swift */ = {isa = PBXFileReference; lastKnownFileType = sourcecode.swift; path = RegisterViewViewModel.swift; sourceTree = "<group>"; };
		8AF4767D2C1649C100E5ABCB /* Extensions.swift */ = {isa = PBXFileReference; lastKnownFileType = sourcecode.swift; path = Extensions.swift; sourceTree = "<group>"; };
/* End PBXFileReference section */

/* Begin PBXFrameworksBuildPhase section */
		8A24CC152C0DD8B3003CF826 /* Frameworks */ = {
			isa = PBXFrameworksBuildPhase;
			buildActionMask = 2147483647;
			files = (
				8AAA8D2D2C1D5F7400BCF372 /* Lottie in Frameworks */,
				8A24CC2C2C0DDA7E003CF826 /* FirebaseAuth in Frameworks */,
				8A24CC2E2C0DDA7E003CF826 /* FirebaseFirestore in Frameworks */,
				8ABF76252C1B775A007639E5 /* FirebaseDatabase in Frameworks */,
				8A24CC302C0DDA7E003CF826 /* FirebaseFirestoreSwift in Frameworks */,
				8AA7A4EC2CB8DAE900BF37A5 /* SocketIO in Frameworks */,
			);
			runOnlyForDeploymentPostprocessing = 0;
		};
/* End PBXFrameworksBuildPhase section */

/* Begin PBXGroup section */
		8A24CC0F2C0DD8B3003CF826 = {
			isa = PBXGroup;
			children = (
				8A24CC1A2C0DD8B3003CF826 /* Chessy */,
				8A24CC192C0DD8B3003CF826 /* Products */,
				8ABF76232C1B775A007639E5 /* Frameworks */,
			);
			sourceTree = "<group>";
		};
		8A24CC192C0DD8B3003CF826 /* Products */ = {
			isa = PBXGroup;
			children = (
				8A24CC182C0DD8B3003CF826 /* Chessy.app */,
			);
			name = Products;
			sourceTree = "<group>";
		};
		8A24CC1A2C0DD8B3003CF826 /* Chessy */ = {
			isa = PBXGroup;
			children = (
				8A24CC292C0DD9A3003CF826 /* Info.plist */,
				8A24CC362C0DDDE9003CF826 /* Other */,
				8A24CC352C0DDDD9003CF826 /* Models */,
				8A24CC342C0DDDC1003CF826 /* ViewModels */,
				8A24CC332C0DDDBB003CF826 /* View */,
				8A24CC212C0DD8B9003CF826 /* Preview Content */,
			);
			path = Chessy;
			sourceTree = "<group>";
		};
		8A24CC212C0DD8B9003CF826 /* Preview Content */ = {
			isa = PBXGroup;
			children = (
				8A24CC222C0DD8B9003CF826 /* Preview Assets.xcassets */,
			);
			path = "Preview Content";
			sourceTree = "<group>";
		};
		8A24CC332C0DDDBB003CF826 /* View */ = {
			isa = PBXGroup;
			children = (
				8A4328C02CB3970A00B6A2A7 /* Dialog */,
				8A2C2A912C15C0080058CA57 /* TabView */,
				8A2C2A922C15C0380058CA57 /* Login + Register View */,
				8A24CC1D2C0DD8B3003CF826 /* MainView.swift */,
				8AAA8D2E2C1D5FFC00BCF372 /* LottieView.swift */,
				8A58870E2CB0D73F008FCBDC /* ChessBoardView.swift */,
				8A39595D2C2680D900F7C3B3 /* SplashView.swift */,
				8A580E362C26BFFF00C750B1 /* LoadingView.swift */,
				8A5887082CB0C4E3008FCBDC /* GameplayView.swift */,
			);
			path = View;
			sourceTree = "<group>";
		};
		8A24CC342C0DDDC1003CF826 /* ViewModels */ = {
			isa = PBXGroup;
			children = (
				8AB2659A2C0F1AE800A085FB /* LoginViewViewModel.swift */,
				8AD65AE72C1099F40046BEF0 /* RegisterViewViewModel.swift */,
				8A2C2A952C15C88D0058CA57 /* MainViewViewModel.swift */,
				8A460E712C1D41B600CE6E26 /* ProfileViewModel.swift */,
				8AA4034F2C1E06A200E0AEE3 /* ChartViewModel.swift */,
				8A58870C2CB0D70C008FCBDC /* ChessGameViewModel.swift */,
			);
			path = ViewModels;
			sourceTree = "<group>";
		};
		8A24CC352C0DDDD9003CF826 /* Models */ = {
			isa = PBXGroup;
			children = (
				8A5887102CB0DF93008FCBDC /* ChessPiece */,
				8A2C2A932C15C7CC0058CA57 /* UserModel.swift */,
				8A58870A2CB0D69C008FCBDC /* ChessModel.swift */,
				8AA7A4ED2CBA017B00BF37A5 /* MatchModel.swift */,
			);
			path = Models;
			sourceTree = "<group>";
		};
		8A24CC362C0DDDE9003CF826 /* Other */ = {
			isa = PBXGroup;
			children = (
				8AA4034C2C1DB8B700E0AEE3 /* Animation */,
				8ABF76262C1B87D2007639E5 /* GoogleService-Info.plist */,
				8A24CC1B2C0DD8B3003CF826 /* ChessyApp.swift */,
				8A24CC1F2C0DD8B9003CF826 /* Assets.xcassets */,
				8AF4767D2C1649C100E5ABCB /* Extensions.swift */,
			);
			path = Other;
			sourceTree = "<group>";
		};
		8A2C2A912C15C0080058CA57 /* TabView */ = {
			isa = PBXGroup;
			children = (
				8A2C2A872C15BD5D0058CA57 /* ChessyHomeView.swift */,
				8A2C2A892C15BE0D0058CA57 /* ChessyFriendListView.swift */,
				8A2C2A8B2C15BE3E0058CA57 /* ChessyChartsView.swift */,
				8A2C2A8D2C15BE8F0058CA57 /* ChessyView.swift */,
				8A2C2A8F2C15BFCF0058CA57 /* ChessyProfileView.swift */,
			);
			path = TabView;
			sourceTree = "<group>";
		};
		8A2C2A922C15C0380058CA57 /* Login + Register View */ = {
			isa = PBXGroup;
			children = (
				8AB265922C0F0C1800A085FB /* LoginView.swift */,
				8AB265942C0F0C7100A085FB /* RegisterView.swift */,
				8AB265962C0F0C9B00A085FB /* HeaderLoginView.swift */,
			);
			path = "Login + Register View";
			sourceTree = "<group>";
		};
		8A4328C02CB3970A00B6A2A7 /* Dialog */ = {
			isa = PBXGroup;
			children = (
				8AB326F42CDED524005F2CD3 /* GameStartDialogView.swift */,
				8AB326F62CDEEFA7005F2CD3 /* PromoteViewDialog.swift */,
				8AB326F82CDF02DB005F2CD3 /* InputRoomCodeViewDialog.swift */,
			);
			path = Dialog;
			sourceTree = "<group>";
		};
		8A5887102CB0DF93008FCBDC /* ChessPiece */ = {
			isa = PBXGroup;
			children = (
				8A5887112CB0DFAB008FCBDC /* Pawn.swift */,
				8A5887132CB0DFB7008FCBDC /* Rook.swift */,
				8A5887152CB0DFC6008FCBDC /* Knight.swift */,
				8A5887172CB0DFD3008FCBDC /* Bishop.swift */,
				8A5887192CB0DFDE008FCBDC /* Queen.swift */,
				8A58871B2CB0DFEA008FCBDC /* King.swift */,
			);
			path = ChessPiece;
			sourceTree = "<group>";
		};
		8AA4034C2C1DB8B700E0AEE3 /* Animation */ = {
			isa = PBXGroup;
			children = (
				8A580E322C26BC9900C750B1 /* splash_anim.json */,
				8AA4034A2C1DB8B200E0AEE3 /* sad.json */,
				8A580E342C26BF2100C750B1 /* loading.json */,
				8AAA8D302C1D604500BCF372 /* fire.json */,
			);
			path = Animation;
			sourceTree = "<group>";
		};
		8ABF76232C1B775A007639E5 /* Frameworks */ = {
			isa = PBXGroup;
			children = (
			);
			name = Frameworks;
			sourceTree = "<group>";
		};
/* End PBXGroup section */

/* Begin PBXNativeTarget section */
		8A24CC172C0DD8B3003CF826 /* Chessy */ = {
			isa = PBXNativeTarget;
			buildConfigurationList = 8A24CC262C0DD8B9003CF826 /* Build configuration list for PBXNativeTarget "Chessy" */;
			buildPhases = (
				8A24CC142C0DD8B3003CF826 /* Sources */,
				8A24CC152C0DD8B3003CF826 /* Frameworks */,
				8A24CC162C0DD8B3003CF826 /* Resources */,
			);
			buildRules = (
			);
			dependencies = (
			);
			name = Chessy;
			packageProductDependencies = (
				8A24CC2B2C0DDA7E003CF826 /* FirebaseAuth */,
				8A24CC2D2C0DDA7E003CF826 /* FirebaseFirestore */,
				8A24CC2F2C0DDA7E003CF826 /* FirebaseFirestoreSwift */,
				8ABF76242C1B775A007639E5 /* FirebaseDatabase */,
				8AAA8D2C2C1D5F7400BCF372 /* Lottie */,
				8AA7A4EB2CB8DAE900BF37A5 /* SocketIO */,
			);
			productName = Chessy;
			productReference = 8A24CC182C0DD8B3003CF826 /* Chessy.app */;
			productType = "com.apple.product-type.application";
		};
/* End PBXNativeTarget section */

/* Begin PBXProject section */
		8A24CC102C0DD8B3003CF826 /* Project object */ = {
			isa = PBXProject;
			attributes = {
				BuildIndependentTargetsInParallel = 1;
				LastSwiftUpdateCheck = 1540;
				LastUpgradeCheck = 1540;
				TargetAttributes = {
					8A24CC172C0DD8B3003CF826 = {
						CreatedOnToolsVersion = 15.4;
					};
				};
			};
			buildConfigurationList = 8A24CC132C0DD8B3003CF826 /* Build configuration list for PBXProject "Chessy" */;
			compatibilityVersion = "Xcode 14.0";
			developmentRegion = en;
			hasScannedForEncodings = 0;
			knownRegions = (
				en,
				Base,
			);
			mainGroup = 8A24CC0F2C0DD8B3003CF826;
			packageReferences = (
				8A24CC2A2C0DDA7E003CF826 /* XCRemoteSwiftPackageReference "firebase-ios-sdk" */,
				8AAA8D2B2C1D5F7400BCF372 /* XCRemoteSwiftPackageReference "lottie-ios" */,
				8AA7A4EA2CB8DAE900BF37A5 /* XCRemoteSwiftPackageReference "socket" */,
			);
			productRefGroup = 8A24CC192C0DD8B3003CF826 /* Products */;
			projectDirPath = "";
			projectRoot = "";
			targets = (
				8A24CC172C0DD8B3003CF826 /* Chessy */,
			);
		};
/* End PBXProject section */

/* Begin PBXResourcesBuildPhase section */
		8A24CC162C0DD8B3003CF826 /* Resources */ = {
			isa = PBXResourcesBuildPhase;
			buildActionMask = 2147483647;
			files = (
				8A24CC232C0DD8B9003CF826 /* Preview Assets.xcassets in Resources */,
				8A24CC202C0DD8B9003CF826 /* Assets.xcassets in Resources */,
				8AAA8D312C1D604500BCF372 /* fire.json in Resources */,
				8A580E332C26BC9900C750B1 /* splash_anim.json in Resources */,
				8A580E352C26BF2100C750B1 /* loading.json in Resources */,
				8AA4034B2C1DB8B200E0AEE3 /* sad.json in Resources */,
				8ABF76272C1B87D2007639E5 /* GoogleService-Info.plist in Resources */,
			);
			runOnlyForDeploymentPostprocessing = 0;
		};
/* End PBXResourcesBuildPhase section */

/* Begin PBXSourcesBuildPhase section */
		8A24CC142C0DD8B3003CF826 /* Sources */ = {
			isa = PBXSourcesBuildPhase;
			buildActionMask = 2147483647;
			files = (
				8A58870D2CB0D70C008FCBDC /* ChessGameViewModel.swift in Sources */,
				8A58870B2CB0D69C008FCBDC /* ChessModel.swift in Sources */,
				8AB265972C0F0C9B00A085FB /* HeaderLoginView.swift in Sources */,
				8AA7A4EE2CBA017C00BF37A5 /* MatchModel.swift in Sources */,
				8AAA8D2F2C1D5FFC00BCF372 /* LottieView.swift in Sources */,
				8AB326F92CDF02DB005F2CD3 /* InputRoomCodeViewDialog.swift in Sources */,
				8A2C2A882C15BD5D0058CA57 /* ChessyHomeView.swift in Sources */,
				8A5887092CB0C4E3008FCBDC /* GameplayView.swift in Sources */,
				8AB326F52CDED524005F2CD3 /* GameStartDialogView.swift in Sources */,
				8A2C2A962C15C88D0058CA57 /* MainViewViewModel.swift in Sources */,
				8AB2659B2C0F1AE800A085FB /* LoginViewViewModel.swift in Sources */,
				8A5887182CB0DFD3008FCBDC /* Bishop.swift in Sources */,
				8A2C2A902C15BFCF0058CA57 /* ChessyProfileView.swift in Sources */,
				8A2C2A8C2C15BE3E0058CA57 /* ChessyChartsView.swift in Sources */,
				8AB265932C0F0C1800A085FB /* LoginView.swift in Sources */,
				8AF4767E2C1649C200E5ABCB /* Extensions.swift in Sources */,
				8A2C2A8E2C15BE8F0058CA57 /* ChessyView.swift in Sources */,
				8A58871C2CB0DFEA008FCBDC /* King.swift in Sources */,
				8AB265952C0F0C7100A085FB /* RegisterView.swift in Sources */,
				8A2C2A942C15C7CD0058CA57 /* UserModel.swift in Sources */,
				8A460E722C1D41B600CE6E26 /* ProfileViewModel.swift in Sources */,
				8A58870F2CB0D73F008FCBDC /* ChessBoardView.swift in Sources */,
				8A580E372C26BFFF00C750B1 /* LoadingView.swift in Sources */,
				8A39595E2C2680D900F7C3B3 /* SplashView.swift in Sources */,
				8A58871A2CB0DFDE008FCBDC /* Queen.swift in Sources */,
				8A24CC1E2C0DD8B3003CF826 /* MainView.swift in Sources */,
				8A24CC1C2C0DD8B3003CF826 /* ChessyApp.swift in Sources */,
				8AA403502C1E06A200E0AEE3 /* ChartViewModel.swift in Sources */,
				8A5887162CB0DFC6008FCBDC /* Knight.swift in Sources */,
				8AB326F72CDEEFA7005F2CD3 /* PromoteViewDialog.swift in Sources */,
				8AD65AE82C1099F40046BEF0 /* RegisterViewViewModel.swift in Sources */,
				8A5887122CB0DFAB008FCBDC /* Pawn.swift in Sources */,
				8A5887142CB0DFB7008FCBDC /* Rook.swift in Sources */,
				8A2C2A8A2C15BE0D0058CA57 /* ChessyFriendListView.swift in Sources */,
			);
			runOnlyForDeploymentPostprocessing = 0;
		};
/* End PBXSourcesBuildPhase section */

/* Begin XCBuildConfiguration section */
		8A24CC242C0DD8B9003CF826 /* Debug */ = {
			isa = XCBuildConfiguration;
			buildSettings = {
				ALWAYS_SEARCH_USER_PATHS = NO;
				ASSETCATALOG_COMPILER_GENERATE_SWIFT_ASSET_SYMBOL_EXTENSIONS = YES;
				CLANG_ANALYZER_NONNULL = YES;
				CLANG_ANALYZER_NUMBER_OBJECT_CONVERSION = YES_AGGRESSIVE;
				CLANG_CXX_LANGUAGE_STANDARD = "gnu++20";
				CLANG_ENABLE_MODULES = YES;
				CLANG_ENABLE_OBJC_ARC = YES;
				CLANG_ENABLE_OBJC_WEAK = YES;
				CLANG_WARN_BLOCK_CAPTURE_AUTORELEASING = YES;
				CLANG_WARN_BOOL_CONVERSION = YES;
				CLANG_WARN_COMMA = YES;
				CLANG_WARN_CONSTANT_CONVERSION = YES;
				CLANG_WARN_DEPRECATED_OBJC_IMPLEMENTATIONS = YES;
				CLANG_WARN_DIRECT_OBJC_ISA_USAGE = YES_ERROR;
				CLANG_WARN_DOCUMENTATION_COMMENTS = YES;
				CLANG_WARN_EMPTY_BODY = YES;
				CLANG_WARN_ENUM_CONVERSION = YES;
				CLANG_WARN_INFINITE_RECURSION = YES;
				CLANG_WARN_INT_CONVERSION = YES;
				CLANG_WARN_NON_LITERAL_NULL_CONVERSION = YES;
				CLANG_WARN_OBJC_IMPLICIT_RETAIN_SELF = YES;
				CLANG_WARN_OBJC_LITERAL_CONVERSION = YES;
				CLANG_WARN_OBJC_ROOT_CLASS = YES_ERROR;
				CLANG_WARN_QUOTED_INCLUDE_IN_FRAMEWORK_HEADER = YES;
				CLANG_WARN_RANGE_LOOP_ANALYSIS = YES;
				CLANG_WARN_STRICT_PROTOTYPES = YES;
				CLANG_WARN_SUSPICIOUS_MOVE = YES;
				CLANG_WARN_UNGUARDED_AVAILABILITY = YES_AGGRESSIVE;
				CLANG_WARN_UNREACHABLE_CODE = YES;
				CLANG_WARN__DUPLICATE_METHOD_MATCH = YES;
				COPY_PHASE_STRIP = NO;
				DEBUG_INFORMATION_FORMAT = dwarf;
				ENABLE_STRICT_OBJC_MSGSEND = YES;
				ENABLE_TESTABILITY = YES;
				ENABLE_USER_SCRIPT_SANDBOXING = YES;
				GCC_C_LANGUAGE_STANDARD = gnu17;
				GCC_DYNAMIC_NO_PIC = NO;
				GCC_NO_COMMON_BLOCKS = YES;
				GCC_OPTIMIZATION_LEVEL = 0;
				GCC_PREPROCESSOR_DEFINITIONS = (
					"DEBUG=1",
					"$(inherited)",
				);
				GCC_WARN_64_TO_32_BIT_CONVERSION = YES;
				GCC_WARN_ABOUT_RETURN_TYPE = YES_ERROR;
				GCC_WARN_UNDECLARED_SELECTOR = YES;
				GCC_WARN_UNINITIALIZED_AUTOS = YES_AGGRESSIVE;
				GCC_WARN_UNUSED_FUNCTION = YES;
				GCC_WARN_UNUSED_VARIABLE = YES;
				IPHONEOS_DEPLOYMENT_TARGET = 17.5;
				LOCALIZATION_PREFERS_STRING_CATALOGS = YES;
				MTL_ENABLE_DEBUG_INFO = INCLUDE_SOURCE;
				MTL_FAST_MATH = YES;
				ONLY_ACTIVE_ARCH = YES;
				SDKROOT = iphoneos;
				SWIFT_ACTIVE_COMPILATION_CONDITIONS = "DEBUG $(inherited)";
				SWIFT_OPTIMIZATION_LEVEL = "-Onone";
			};
			name = Debug;
		};
		8A24CC252C0DD8B9003CF826 /* Release */ = {
			isa = XCBuildConfiguration;
			buildSettings = {
				ALWAYS_SEARCH_USER_PATHS = NO;
				ASSETCATALOG_COMPILER_GENERATE_SWIFT_ASSET_SYMBOL_EXTENSIONS = YES;
				CLANG_ANALYZER_NONNULL = YES;
				CLANG_ANALYZER_NUMBER_OBJECT_CONVERSION = YES_AGGRESSIVE;
				CLANG_CXX_LANGUAGE_STANDARD = "gnu++20";
				CLANG_ENABLE_MODULES = YES;
				CLANG_ENABLE_OBJC_ARC = YES;
				CLANG_ENABLE_OBJC_WEAK = YES;
				CLANG_WARN_BLOCK_CAPTURE_AUTORELEASING = YES;
				CLANG_WARN_BOOL_CONVERSION = YES;
				CLANG_WARN_COMMA = YES;
				CLANG_WARN_CONSTANT_CONVERSION = YES;
				CLANG_WARN_DEPRECATED_OBJC_IMPLEMENTATIONS = YES;
				CLANG_WARN_DIRECT_OBJC_ISA_USAGE = YES_ERROR;
				CLANG_WARN_DOCUMENTATION_COMMENTS = YES;
				CLANG_WARN_EMPTY_BODY = YES;
				CLANG_WARN_ENUM_CONVERSION = YES;
				CLANG_WARN_INFINITE_RECURSION = YES;
				CLANG_WARN_INT_CONVERSION = YES;
				CLANG_WARN_NON_LITERAL_NULL_CONVERSION = YES;
				CLANG_WARN_OBJC_IMPLICIT_RETAIN_SELF = YES;
				CLANG_WARN_OBJC_LITERAL_CONVERSION = YES;
				CLANG_WARN_OBJC_ROOT_CLASS = YES_ERROR;
				CLANG_WARN_QUOTED_INCLUDE_IN_FRAMEWORK_HEADER = YES;
				CLANG_WARN_RANGE_LOOP_ANALYSIS = YES;
				CLANG_WARN_STRICT_PROTOTYPES = YES;
				CLANG_WARN_SUSPICIOUS_MOVE = YES;
				CLANG_WARN_UNGUARDED_AVAILABILITY = YES_AGGRESSIVE;
				CLANG_WARN_UNREACHABLE_CODE = YES;
				CLANG_WARN__DUPLICATE_METHOD_MATCH = YES;
				COPY_PHASE_STRIP = NO;
				DEBUG_INFORMATION_FORMAT = "dwarf-with-dsym";
				ENABLE_NS_ASSERTIONS = NO;
				ENABLE_STRICT_OBJC_MSGSEND = YES;
				ENABLE_USER_SCRIPT_SANDBOXING = YES;
				GCC_C_LANGUAGE_STANDARD = gnu17;
				GCC_NO_COMMON_BLOCKS = YES;
				GCC_WARN_64_TO_32_BIT_CONVERSION = YES;
				GCC_WARN_ABOUT_RETURN_TYPE = YES_ERROR;
				GCC_WARN_UNDECLARED_SELECTOR = YES;
				GCC_WARN_UNINITIALIZED_AUTOS = YES_AGGRESSIVE;
				GCC_WARN_UNUSED_FUNCTION = YES;
				GCC_WARN_UNUSED_VARIABLE = YES;
				IPHONEOS_DEPLOYMENT_TARGET = 17.5;
				LOCALIZATION_PREFERS_STRING_CATALOGS = YES;
				MTL_ENABLE_DEBUG_INFO = NO;
				MTL_FAST_MATH = YES;
				SDKROOT = iphoneos;
				SWIFT_COMPILATION_MODE = wholemodule;
				VALIDATE_PRODUCT = YES;
			};
			name = Release;
		};
		8A24CC272C0DD8B9003CF826 /* Debug */ = {
			isa = XCBuildConfiguration;
			buildSettings = {
				ASSETCATALOG_COMPILER_APPICON_NAME = AppIcon;
				ASSETCATALOG_COMPILER_GLOBAL_ACCENT_COLOR_NAME = AccentColor;
				CODE_SIGN_STYLE = Automatic;
				CURRENT_PROJECT_VERSION = 1;
				DEVELOPMENT_ASSET_PATHS = "\"Chessy/Preview Content\"";
				DEVELOPMENT_TEAM = M49R93PB73;
				ENABLE_PREVIEWS = YES;
				GENERATE_INFOPLIST_FILE = YES;
				INFOPLIST_FILE = Chessy/Info.plist;
				INFOPLIST_KEY_CFBundleDisplayName = Chessy;
				INFOPLIST_KEY_LSApplicationCategoryType = "public.app-category.strategy-games";
				INFOPLIST_KEY_UIApplicationSceneManifest_Generation = YES;
				INFOPLIST_KEY_UIApplicationSupportsIndirectInputEvents = YES;
				INFOPLIST_KEY_UILaunchScreen_Generation = YES;
				INFOPLIST_KEY_UISupportedInterfaceOrientations = "UIInterfaceOrientationLandscapeLeft UIInterfaceOrientationLandscapeRight UIInterfaceOrientationPortrait";
				IPHONEOS_DEPLOYMENT_TARGET = 16.6;
				LD_RUNPATH_SEARCH_PATHS = (
					"$(inherited)",
					"@executable_path/Frameworks",
				);
				MARKETING_VERSION = 1.0;
				PRODUCT_BUNDLE_IDENTIFIER = NT.Chessy;
				PRODUCT_NAME = "$(TARGET_NAME)";
				SUPPORTED_PLATFORMS = "iphoneos iphonesimulator";
				SUPPORTS_MACCATALYST = NO;
				SUPPORTS_MAC_DESIGNED_FOR_IPHONE_IPAD = NO;
				SUPPORTS_XR_DESIGNED_FOR_IPHONE_IPAD = NO;
				SWIFT_EMIT_LOC_STRINGS = YES;
				SWIFT_VERSION = 5.0;
				TARGETED_DEVICE_FAMILY = "1,2";
			};
			name = Debug;
		};
		8A24CC282C0DD8B9003CF826 /* Release */ = {
			isa = XCBuildConfiguration;
			buildSettings = {
				ASSETCATALOG_COMPILER_APPICON_NAME = AppIcon;
				ASSETCATALOG_COMPILER_GLOBAL_ACCENT_COLOR_NAME = AccentColor;
				CODE_SIGN_STYLE = Automatic;
				CURRENT_PROJECT_VERSION = 1;
				DEVELOPMENT_ASSET_PATHS = "\"Chessy/Preview Content\"";
				DEVELOPMENT_TEAM = M49R93PB73;
				ENABLE_PREVIEWS = YES;
				GENERATE_INFOPLIST_FILE = YES;
				INFOPLIST_FILE = Chessy/Info.plist;
				INFOPLIST_KEY_CFBundleDisplayName = Chessy;
				INFOPLIST_KEY_LSApplicationCategoryType = "public.app-category.strategy-games";
				INFOPLIST_KEY_UIApplicationSceneManifest_Generation = YES;
				INFOPLIST_KEY_UIApplicationSupportsIndirectInputEvents = YES;
				INFOPLIST_KEY_UILaunchScreen_Generation = YES;
				INFOPLIST_KEY_UISupportedInterfaceOrientations = "UIInterfaceOrientationLandscapeLeft UIInterfaceOrientationLandscapeRight UIInterfaceOrientationPortrait";
				IPHONEOS_DEPLOYMENT_TARGET = 16.6;
				LD_RUNPATH_SEARCH_PATHS = (
					"$(inherited)",
					"@executable_path/Frameworks",
				);
				MARKETING_VERSION = 1.0;
				PRODUCT_BUNDLE_IDENTIFIER = NT.Chessy;
				PRODUCT_NAME = "$(TARGET_NAME)";
				SUPPORTED_PLATFORMS = "iphoneos iphonesimulator";
				SUPPORTS_MACCATALYST = NO;
				SUPPORTS_MAC_DESIGNED_FOR_IPHONE_IPAD = NO;
				SUPPORTS_XR_DESIGNED_FOR_IPHONE_IPAD = NO;
				SWIFT_EMIT_LOC_STRINGS = YES;
				SWIFT_VERSION = 5.0;
				TARGETED_DEVICE_FAMILY = "1,2";
			};
			name = Release;
		};
/* End XCBuildConfiguration section */

/* Begin XCConfigurationList section */
		8A24CC132C0DD8B3003CF826 /* Build configuration list for PBXProject "Chessy" */ = {
			isa = XCConfigurationList;
			buildConfigurations = (
				8A24CC242C0DD8B9003CF826 /* Debug */,
				8A24CC252C0DD8B9003CF826 /* Release */,
			);
			defaultConfigurationIsVisible = 0;
			defaultConfigurationName = Release;
		};
		8A24CC262C0DD8B9003CF826 /* Build configuration list for PBXNativeTarget "Chessy" */ = {
			isa = XCConfigurationList;
			buildConfigurations = (
				8A24CC272C0DD8B9003CF826 /* Debug */,
				8A24CC282C0DD8B9003CF826 /* Release */,
			);
			defaultConfigurationIsVisible = 0;
			defaultConfigurationName = Release;
		};
/* End XCConfigurationList section */

/* Begin XCRemoteSwiftPackageReference section */
		8A24CC2A2C0DDA7E003CF826 /* XCRemoteSwiftPackageReference "firebase-ios-sdk" */ = {
			isa = XCRemoteSwiftPackageReference;
			repositoryURL = "https://github.com/firebase/firebase-ios-sdk";
			requirement = {
				kind = upToNextMajorVersion;
				minimumVersion = 10.27.0;
			};
		};
		8AA7A4EA2CB8DAE900BF37A5 /* XCRemoteSwiftPackageReference "socket" */ = {
			isa = XCRemoteSwiftPackageReference;
			repositoryURL = "https://github.com/socketio/socket.io-client-swift";
			requirement = {
				branch = master;
				kind = branch;
			};
		};
		8AAA8D2B2C1D5F7400BCF372 /* XCRemoteSwiftPackageReference "lottie-ios" */ = {
			isa = XCRemoteSwiftPackageReference;
			repositoryURL = "https://github.com/airbnb/lottie-ios";
			requirement = {
				kind = upToNextMajorVersion;
				minimumVersion = 4.4.3;
			};
		};
/* End XCRemoteSwiftPackageReference section */

/* Begin XCSwiftPackageProductDependency section */
		8A24CC2B2C0DDA7E003CF826 /* FirebaseAuth */ = {
			isa = XCSwiftPackageProductDependency;
			package = 8A24CC2A2C0DDA7E003CF826 /* XCRemoteSwiftPackageReference "firebase-ios-sdk" */;
			productName = FirebaseAuth;
		};
		8A24CC2D2C0DDA7E003CF826 /* FirebaseFirestore */ = {
			isa = XCSwiftPackageProductDependency;
			package = 8A24CC2A2C0DDA7E003CF826 /* XCRemoteSwiftPackageReference "firebase-ios-sdk" */;
			productName = FirebaseFirestore;
		};
		8A24CC2F2C0DDA7E003CF826 /* FirebaseFirestoreSwift */ = {
			isa = XCSwiftPackageProductDependency;
			package = 8A24CC2A2C0DDA7E003CF826 /* XCRemoteSwiftPackageReference "firebase-ios-sdk" */;
			productName = FirebaseFirestoreSwift;
		};
		8AA7A4EB2CB8DAE900BF37A5 /* SocketIO */ = {
			isa = XCSwiftPackageProductDependency;
			package = 8AA7A4EA2CB8DAE900BF37A5 /* XCRemoteSwiftPackageReference "socket" */;
			productName = SocketIO;
		};
		8AAA8D2C2C1D5F7400BCF372 /* Lottie */ = {
			isa = XCSwiftPackageProductDependency;
			package = 8AAA8D2B2C1D5F7400BCF372 /* XCRemoteSwiftPackageReference "lottie-ios" */;
			productName = Lottie;
		};
		8ABF76242C1B775A007639E5 /* FirebaseDatabase */ = {
			isa = XCSwiftPackageProductDependency;
			package = 8A24CC2A2C0DDA7E003CF826 /* XCRemoteSwiftPackageReference "firebase-ios-sdk" */;
			productName = FirebaseDatabase;
		};
/* End XCSwiftPackageProductDependency section */
	};
	rootObject = 8A24CC102C0DD8B3003CF826 /* Project object */;
}
